{
  "name": "infraflowx",
  "version": "1.0.0",
  "lockfileVersion": 3,
  "requires": true,
  "packages": {
    "": {
      "name": "infraflowx",
      "version": "1.0.0",
      "dependencies": {
        "bootstrap": "^5.3.3",
        "chart.js": "^4.4.2",
        "leaflet": "^1.9.4"
      }
    }
  }
}
